
Microsoft Visual Studio Solution File, Format Version 12.00
# Visual Studio 15
Project("{FAE04EC0-301F-11D3-BF4B-00C04F79EFBC}") = "Assembly-CSharp", "Assembly-CSharp.csproj", "{356B5592-A680-5A65-92A8-889F6ADAACA9}"
EndProject
Global
	GlobalSection(SolutionConfigurationPlatforms) = preSolution
		Debug|Any CPU = Debug|Any CPU
		Release|Any CPU = Release|Any CPU
	EndGlobalSection
	GlobalSection(ProjectConfigurationPlatforms) = postSolution
		{356B5592-A680-5A65-92A8-889F6ADAACA9}.Debug|Any CPU.ActiveCfg = Debug|Any CPU
		{356B5592-A680-5A65-92A8-889F6ADAACA9}.Debug|Any CPU.Build.0 = Debug|Any CPU
		{356B5592-A680-5A65-92A8-889F6ADAACA9}.Release|Any CPU.ActiveCfg = Release|Any CPU
		{356B5592-A680-5A65-92A8-889F6ADAACA9}.Release|Any CPU.Build.0 = Release|Any CPU
	EndGlobalSection
	GlobalSection(SolutionProperties) = preSolution
		HideSolutionNode = FALSE
	EndGlobalSection
EndGlobal
